
Microsoft Visual Studio Solution File, Format Version 10.00
# Visual Studio 2008
Project("{FAE04EC0-301F-11D3-BF4B-00C04F79EFBC}") = "LoadingScreenExample", "LoadingScreenExample\LoadingScreenExample.csproj", "{DC186AF3-4CFE-4C80-928B-3742ECA162D4}"
EndProject
Global
	GlobalSection(SolutionConfigurationPlatforms) = preSolution
		Debug|iPhoneSimulator = Debug|iPhoneSimulator
		Release|iPhoneSimulator = Release|iPhoneSimulator
		Debug|iPhone = Debug|iPhone
		Release|iPhone = Release|iPhone
	EndGlobalSection
	GlobalSection(ProjectConfigurationPlatforms) = postSolution
		{DC186AF3-4CFE-4C80-928B-3742ECA162D4}.Debug|iPhone.ActiveCfg = Debug|iPhone
		{DC186AF3-4CFE-4C80-928B-3742ECA162D4}.Debug|iPhone.Build.0 = Debug|iPhone
		{DC186AF3-4CFE-4C80-928B-3742ECA162D4}.Debug|iPhoneSimulator.ActiveCfg = Debug|iPhoneSimulator
		{DC186AF3-4CFE-4C80-928B-3742ECA162D4}.Debug|iPhoneSimulator.Build.0 = Debug|iPhoneSimulator
		{DC186AF3-4CFE-4C80-928B-3742ECA162D4}.Release|iPhone.ActiveCfg = Release|iPhone
		{DC186AF3-4CFE-4C80-928B-3742ECA162D4}.Release|iPhone.Build.0 = Release|iPhone
		{DC186AF3-4CFE-4C80-928B-3742ECA162D4}.Release|iPhoneSimulator.ActiveCfg = Release|iPhoneSimulator
		{DC186AF3-4CFE-4C80-928B-3742ECA162D4}.Release|iPhoneSimulator.Build.0 = Release|iPhoneSimulator
	EndGlobalSection
	GlobalSection(MonoDevelopProperties) = preSolution
		StartupItem = LoadingScreenExample\LoadingScreenExample.csproj
	EndGlobalSection
EndGlobal
